<?xml version="1.0" encoding="utf-8"?>
<Project ToolsVersion="4.0" xmlns="http://schemas.microsoft.com/developer/msbuild/2003">
  <ItemGroup>
    <ClCompile Include="..\..\src\braft\ballot.cpp">
      <Filter>src</Filter>
    </ClCompile>
    <ClCompile Include="..\..\src\braft\ballot_box.cpp">
      <Filter>src</Filter>
    </ClCompile>
    <ClCompile Include="..\..\src\braft\builtin_service_impl.cpp">
      <Filter>src</Filter>
    </ClCompile>
    <ClCompile Include="..\..\src\braft\cli.cpp">
      <Filter>src</Filter>
    </ClCompile>
    <ClCompile Include="..\..\src\braft\cli_service.cpp">
      <Filter>src</Filter>
    </ClCompile>
    <ClCompile Include="..\..\src\braft\closure_queue.cpp">
      <Filter>src</Filter>
    </ClCompile>
    <ClCompile Include="..\..\src\braft\configuration.cpp">
      <Filter>src</Filter>
    </ClCompile>
    <ClCompile Include="..\..\src\braft\configuration_manager.cpp">
      <Filter>src</Filter>
    </ClCompile>
    <ClCompile Include="..\..\src\braft\file_reader.cpp">
      <Filter>src</Filter>
    </ClCompile>
    <ClCompile Include="..\..\src\braft\file_service.cpp">
      <Filter>src</Filter>
    </ClCompile>
    <ClCompile Include="..\..\src\braft\file_system_adaptor.cpp">
      <Filter>src</Filter>
    </ClCompile>
    <ClCompile Include="..\..\src\braft\fsm_caller.cpp">
      <Filter>src</Filter>
    </ClCompile>
    <ClCompile Include="..\..\src\braft\fsync.cpp">
      <Filter>src</Filter>
    </ClCompile>
    <ClCompile Include="..\..\src\braft\lease.cpp">
      <Filter>src</Filter>
    </ClCompile>
    <ClCompile Include="..\..\src\braft\log.cpp">
      <Filter>src</Filter>
    </ClCompile>
    <ClCompile Include="..\..\src\braft\log_entry.cpp">
      <Filter>src</Filter>
    </ClCompile>
    <ClCompile Include="..\..\src\braft\log_manager.cpp">
      <Filter>src</Filter>
    </ClCompile>
    <ClCompile Include="..\..\src\braft\memory_log.cpp">
      <Filter>src</Filter>
    </ClCompile>
    <ClCompile Include="..\..\src\braft\node.cpp">
      <Filter>src</Filter>
    </ClCompile>
    <ClCompile Include="..\..\src\braft\node_manager.cpp">
      <Filter>src</Filter>
    </ClCompile>
    <ClCompile Include="..\..\src\braft\protobuf_file.cpp">
      <Filter>src</Filter>
    </ClCompile>
    <ClCompile Include="..\..\src\braft\raft.cpp">
      <Filter>src</Filter>
    </ClCompile>
    <ClCompile Include="..\..\src\braft\raft_meta.cpp">
      <Filter>src</Filter>
    </ClCompile>
    <ClCompile Include="..\..\src\braft\raft_service.cpp">
      <Filter>src</Filter>
    </ClCompile>
    <ClCompile Include="..\..\src\braft\remote_file_copier.cpp">
      <Filter>src</Filter>
    </ClCompile>
    <ClCompile Include="..\..\src\braft\repeated_timer_task.cpp">
      <Filter>src</Filter>
    </ClCompile>
    <ClCompile Include="..\..\src\braft\replicator.cpp">
      <Filter>src</Filter>
    </ClCompile>
    <ClCompile Include="..\..\src\braft\route_table.cpp">
      <Filter>src</Filter>
    </ClCompile>
    <ClCompile Include="..\..\src\braft\snapshot.cpp">
      <Filter>src</Filter>
    </ClCompile>
    <ClCompile Include="..\..\src\braft\snapshot_executor.cpp">
      <Filter>src</Filter>
    </ClCompile>
    <ClCompile Include="..\..\src\braft\snapshot_throttle.cpp">
      <Filter>src</Filter>
    </ClCompile>
    <ClCompile Include="..\..\src\braft\storage.cpp">
      <Filter>src</Filter>
    </ClCompile>
    <ClCompile Include="..\..\src\braft\util.cpp">
      <Filter>src</Filter>
    </ClCompile>
    <ClCompile Include="main.cpp" />
  </ItemGroup>
  <ItemGroup>
    <Filter Include="example">
      <UniqueIdentifier>{fd5c9565-9004-422a-b514-233da953bc58}</UniqueIdentifier>
    </Filter>
    <Filter Include="src">
      <UniqueIdentifier>{61293976-0d4e-40af-8434-3cecd5231582}</UniqueIdentifier>
    </Filter>
  </ItemGroup>
  <ItemGroup>
    <ClInclude Include="..\..\src\braft\ballot.h">
      <Filter>src</Filter>
    </ClInclude>
    <ClInclude Include="..\..\src\braft\ballot_box.h">
      <Filter>src</Filter>
    </ClInclude>
    <ClInclude Include="..\..\src\braft\builtin_service_impl.h">
      <Filter>src</Filter>
    </ClInclude>
    <ClInclude Include="..\..\src\braft\cli.h">
      <Filter>src</Filter>
    </ClInclude>
    <ClInclude Include="..\..\src\braft\cli_service.h">
      <Filter>src</Filter>
    </ClInclude>
    <ClInclude Include="..\..\src\braft\closure_helper.h">
      <Filter>src</Filter>
    </ClInclude>
    <ClInclude Include="..\..\src\braft\closure_queue.h">
      <Filter>src</Filter>
    </ClInclude>
    <ClInclude Include="..\..\src\braft\configuration.h">
      <Filter>src</Filter>
    </ClInclude>
    <ClInclude Include="..\..\src\braft\configuration_manager.h">
      <Filter>src</Filter>
    </ClInclude>
    <ClInclude Include="..\..\src\braft\file_reader.h">
      <Filter>src</Filter>
    </ClInclude>
    <ClInclude Include="..\..\src\braft\file_service.h">
      <Filter>src</Filter>
    </ClInclude>
    <ClInclude Include="..\..\src\braft\file_system_adaptor.h">
      <Filter>src</Filter>
    </ClInclude>
    <ClInclude Include="..\..\src\braft\fsm_caller.h">
      <Filter>src</Filter>
    </ClInclude>
    <ClInclude Include="..\..\src\braft\fsync.h">
      <Filter>src</Filter>
    </ClInclude>
    <ClInclude Include="..\..\src\braft\lease.h">
      <Filter>src</Filter>
    </ClInclude>
    <ClInclude Include="..\..\src\braft\log.h">
      <Filter>src</Filter>
    </ClInclude>
    <ClInclude Include="..\..\src\braft\log_entry.h">
      <Filter>src</Filter>
    </ClInclude>
    <ClInclude Include="..\..\src\braft\log_manager.h">
      <Filter>src</Filter>
    </ClInclude>
    <ClInclude Include="..\..\src\braft\macros.h">
      <Filter>src</Filter>
    </ClInclude>
    <ClInclude Include="..\..\src\braft\memory_log.h">
      <Filter>src</Filter>
    </ClInclude>
    <ClInclude Include="..\..\src\braft\node.h">
      <Filter>src</Filter>
    </ClInclude>
    <ClInclude Include="..\..\src\braft\node_manager.h">
      <Filter>src</Filter>
    </ClInclude>
    <ClInclude Include="..\..\src\braft\protobuf_file.h">
      <Filter>src</Filter>
    </ClInclude>
    <ClInclude Include="..\..\src\braft\raft.h">
      <Filter>src</Filter>
    </ClInclude>
    <ClInclude Include="..\..\src\braft\raft_meta.h">
      <Filter>src</Filter>
    </ClInclude>
    <ClInclude Include="..\..\src\braft\raft_service.h">
      <Filter>src</Filter>
    </ClInclude>
    <ClInclude Include="..\..\src\braft\remote_file_copier.h">
      <Filter>src</Filter>
    </ClInclude>
    <ClInclude Include="..\..\src\braft\repeated_timer_task.h">
      <Filter>src</Filter>
    </ClInclude>
    <ClInclude Include="..\..\src\braft\replicator.h">
      <Filter>src</Filter>
    </ClInclude>
    <ClInclude Include="..\..\src\braft\route_table.h">
      <Filter>src</Filter>
    </ClInclude>
    <ClInclude Include="..\..\src\braft\snapshot.h">
      <Filter>src</Filter>
    </ClInclude>
    <ClInclude Include="..\..\src\braft\snapshot_executor.h">
      <Filter>src</Filter>
    </ClInclude>
    <ClInclude Include="..\..\src\braft\snapshot_throttle.h">
      <Filter>src</Filter>
    </ClInclude>
    <ClInclude Include="..\..\src\braft\storage.h">
      <Filter>src</Filter>
    </ClInclude>
    <ClInclude Include="..\..\src\braft\util.h">
      <Filter>src</Filter>
    </ClInclude>
  </ItemGroup>
  <ItemGroup>
    <None Include="..\..\src\braft\builtin_service.proto">
      <Filter>src</Filter>
    </None>
    <None Include="..\..\src\braft\cli.proto">
      <Filter>src</Filter>
    </None>
    <None Include="..\..\src\braft\enum.proto">
      <Filter>src</Filter>
    </None>
    <None Include="..\..\src\braft\errno.proto">
      <Filter>src</Filter>
    </None>
    <None Include="..\..\src\braft\file_service.proto">
      <Filter>src</Filter>
    </None>
    <None Include="..\..\src\braft\local_file_meta.proto">
      <Filter>src</Filter>
    </None>
    <None Include="..\..\src\braft\local_storage.proto">
      <Filter>src</Filter>
    </None>
    <None Include="..\..\src\braft\raft.proto">
      <Filter>src</Filter>
    </None>
  </ItemGroup>
</Project>